{
    "name": "slavery-js",
    "version": "2.0.1",
    "lockfileVersion": 3,
    "requires": true,
    "packages": {
        "": {
            "name": "slavery-js",
            "version": "2.0.1",
            "license": "ISC",
            "dependencies": {
                "esprima": "^4.0.1",
                "get-port": "^7.1.0",
                "ip": "^2.0.1",
                "json-stringify-safe": "^5.0.1",
                "serialize-error": "^11.0.0",
                "socket.io": "^4.8.1",
                "socket.io-client": "^4.7.1",
                "uuid": "^11.1.0"
            },
            "devDependencies": {
                "@types/chai": "^5.2.0",
                "@types/esprima": "^4.0.6",
                "@types/ip": "^1.1.3",
                "chai": "^4.5.0",
                "ts-node": "^10.9.2",
                "tsx": "^4.19.3",
                "typescript": "^5.8.2"
            }
        },
        "node_modules/@cspotcode/source-map-support": {
            "version": "0.8.1",
            "resolved": "https://registry.npmjs.org/@cspotcode/source-map-support/-/source-map-support-0.8.1.tgz",
            "integrity": "sha512-IchNf6dN4tHoMFIn/7OE8LWZ19Y6q/67Bmf6vnGREv8RSbBVb9LPJxEcnwrcwX6ixSvaiGoomAUvu4YSxXrVgw==",
            "dev": true,
            "license": "MIT",
            "dependencies": {
                "@jridgewell/trace-mapping": "0.3.9"
            },
            "engines": {
                "node": ">=12"
            }
        },
        "node_modules/@esbuild/aix-ppc64": {
            "version": "0.25.1",
            "resolved": "https://registry.npmjs.org/@esbuild/aix-ppc64/-/aix-ppc64-0.25.1.tgz",
            "integrity": "sha512-kfYGy8IdzTGy+z0vFGvExZtxkFlA4zAxgKEahG9KE1ScBjpQnFsNOX8KTU5ojNru5ed5CVoJYXFtoxaq5nFbjQ==",
            "cpu": [
                "ppc64"
            ],
            "dev": true,
            "license": "MIT",
            "optional": true,
            "os": [
                "aix"
            ],
            "engines": {
                "node": ">=18"
            }
        },
        "node_modules/@esbuild/android-arm": {
            "version": "0.25.1",
            "resolved": "https://registry.npmjs.org/@esbuild/android-arm/-/android-arm-0.25.1.tgz",
            "integrity": "sha512-dp+MshLYux6j/JjdqVLnMglQlFu+MuVeNrmT5nk6q07wNhCdSnB7QZj+7G8VMUGh1q+vj2Bq8kRsuyA00I/k+Q==",
            "cpu": [
                "arm"
            ],
            "dev": true,
            "license": "MIT",
            "optional": true,
            "os": [
                "android"
            ],
            "engines": {
                "node": ">=18"
            }
        },
        "node_modules/@esbuild/android-arm64": {
            "version": "0.25.1",
            "resolved": "https://registry.npmjs.org/@esbuild/android-arm64/-/android-arm64-0.25.1.tgz",
            "integrity": "sha512-50tM0zCJW5kGqgG7fQ7IHvQOcAn9TKiVRuQ/lN0xR+T2lzEFvAi1ZcS8DiksFcEpf1t/GYOeOfCAgDHFpkiSmA==",
            "cpu": [
                "arm64"
            ],
            "dev": true,
            "license": "MIT",
            "optional": true,
            "os": [
                "android"
            ],
            "engines": {
                "node": ">=18"
            }
        },
        "node_modules/@esbuild/android-x64": {
            "version": "0.25.1",
            "resolved": "https://registry.npmjs.org/@esbuild/android-x64/-/android-x64-0.25.1.tgz",
            "integrity": "sha512-GCj6WfUtNldqUzYkN/ITtlhwQqGWu9S45vUXs7EIYf+7rCiiqH9bCloatO9VhxsL0Pji+PF4Lz2XXCES+Q8hDw==",
            "cpu": [
                "x64"
            ],
            "dev": true,
            "license": "MIT",
            "optional": true,
            "os": [
                "android"
            ],
            "engines": {
                "node": ">=18"
            }
        },
        "node_modules/@esbuild/darwin-arm64": {
            "version": "0.25.1",
            "resolved": "https://registry.npmjs.org/@esbuild/darwin-arm64/-/darwin-arm64-0.25.1.tgz",
            "integrity": "sha512-5hEZKPf+nQjYoSr/elb62U19/l1mZDdqidGfmFutVUjjUZrOazAtwK+Kr+3y0C/oeJfLlxo9fXb1w7L+P7E4FQ==",
            "cpu": [
                "arm64"
            ],
            "dev": true,
            "license": "MIT",
            "optional": true,
            "os": [
                "darwin"
            ],
            "engines": {
                "node": ">=18"
            }
        },
        "node_modules/@esbuild/darwin-x64": {
            "version": "0.25.1",
            "resolved": "https://registry.npmjs.org/@esbuild/darwin-x64/-/darwin-x64-0.25.1.tgz",
            "integrity": "sha512-hxVnwL2Dqs3fM1IWq8Iezh0cX7ZGdVhbTfnOy5uURtao5OIVCEyj9xIzemDi7sRvKsuSdtCAhMKarxqtlyVyfA==",
            "cpu": [
                "x64"
            ],
            "dev": true,
            "license": "MIT",
            "optional": true,
            "os": [
                "darwin"
            ],
            "engines": {
                "node": ">=18"
            }
        },
        "node_modules/@esbuild/freebsd-arm64": {
            "version": "0.25.1",
            "resolved": "https://registry.npmjs.org/@esbuild/freebsd-arm64/-/freebsd-arm64-0.25.1.tgz",
            "integrity": "sha512-1MrCZs0fZa2g8E+FUo2ipw6jw5qqQiH+tERoS5fAfKnRx6NXH31tXBKI3VpmLijLH6yriMZsxJtaXUyFt/8Y4A==",
            "cpu": [
                "arm64"
            ],
            "dev": true,
            "license": "MIT",
            "optional": true,
            "os": [
                "freebsd"
            ],
            "engines": {
                "node": ">=18"
            }
        },
        "node_modules/@esbuild/freebsd-x64": {
            "version": "0.25.1",
            "resolved": "https://registry.npmjs.org/@esbuild/freebsd-x64/-/freebsd-x64-0.25.1.tgz",
            "integrity": "sha512-0IZWLiTyz7nm0xuIs0q1Y3QWJC52R8aSXxe40VUxm6BB1RNmkODtW6LHvWRrGiICulcX7ZvyH6h5fqdLu4gkww==",
            "cpu": [
                "x64"
            ],
            "dev": true,
            "license": "MIT",
            "optional": true,
            "os": [
                "freebsd"
            ],
            "engines": {
                "node": ">=18"
            }
        },
        "node_modules/@esbuild/linux-arm": {
            "version": "0.25.1",
            "resolved": "https://registry.npmjs.org/@esbuild/linux-arm/-/linux-arm-0.25.1.tgz",
            "integrity": "sha512-NdKOhS4u7JhDKw9G3cY6sWqFcnLITn6SqivVArbzIaf3cemShqfLGHYMx8Xlm/lBit3/5d7kXvriTUGa5YViuQ==",
            "cpu": [
                "arm"
            ],
            "dev": true,
            "license": "MIT",
            "optional": true,
            "os": [
                "linux"
            ],
            "engines": {
                "node": ">=18"
            }
        },
        "node_modules/@esbuild/linux-arm64": {
            "version": "0.25.1",
            "resolved": "https://registry.npmjs.org/@esbuild/linux-arm64/-/linux-arm64-0.25.1.tgz",
            "integrity": "sha512-jaN3dHi0/DDPelk0nLcXRm1q7DNJpjXy7yWaWvbfkPvI+7XNSc/lDOnCLN7gzsyzgu6qSAmgSvP9oXAhP973uQ==",
            "cpu": [
                "arm64"
            ],
            "dev": true,
            "license": "MIT",
            "optional": true,
            "os": [
                "linux"
            ],
            "engines": {
                "node": ">=18"
            }
        },
        "node_modules/@esbuild/linux-ia32": {
            "version": "0.25.1",
            "resolved": "https://registry.npmjs.org/@esbuild/linux-ia32/-/linux-ia32-0.25.1.tgz",
            "integrity": "sha512-OJykPaF4v8JidKNGz8c/q1lBO44sQNUQtq1KktJXdBLn1hPod5rE/Hko5ugKKZd+D2+o1a9MFGUEIUwO2YfgkQ==",
            "cpu": [
                "ia32"
            ],
            "dev": true,
            "license": "MIT",
            "optional": true,
            "os": [
                "linux"
            ],
            "engines": {
                "node": ">=18"
            }
        },
        "node_modules/@esbuild/linux-loong64": {
            "version": "0.25.1",
            "resolved": "https://registry.npmjs.org/@esbuild/linux-loong64/-/linux-loong64-0.25.1.tgz",
            "integrity": "sha512-nGfornQj4dzcq5Vp835oM/o21UMlXzn79KobKlcs3Wz9smwiifknLy4xDCLUU0BWp7b/houtdrgUz7nOGnfIYg==",
            "cpu": [
                "loong64"
            ],
            "dev": true,
            "license": "MIT",
            "optional": true,
            "os": [
                "linux"
            ],
            "engines": {
                "node": ">=18"
            }
        },
        "node_modules/@esbuild/linux-mips64el": {
            "version": "0.25.1",
            "resolved": "https://registry.npmjs.org/@esbuild/linux-mips64el/-/linux-mips64el-0.25.1.tgz",
            "integrity": "sha512-1osBbPEFYwIE5IVB/0g2X6i1qInZa1aIoj1TdL4AaAb55xIIgbg8Doq6a5BzYWgr+tEcDzYH67XVnTmUzL+nXg==",
            "cpu": [
                "mips64el"
            ],
            "dev": true,
            "license": "MIT",
            "optional": true,
            "os": [
                "linux"
            ],
            "engines": {
                "node": ">=18"
            }
        },
        "node_modules/@esbuild/linux-ppc64": {
            "version": "0.25.1",
            "resolved": "https://registry.npmjs.org/@esbuild/linux-ppc64/-/linux-ppc64-0.25.1.tgz",
            "integrity": "sha512-/6VBJOwUf3TdTvJZ82qF3tbLuWsscd7/1w+D9LH0W/SqUgM5/JJD0lrJ1fVIfZsqB6RFmLCe0Xz3fmZc3WtyVg==",
            "cpu": [
                "ppc64"
            ],
            "dev": true,
            "license": "MIT",
            "optional": true,
            "os": [
                "linux"
            ],
            "engines": {
                "node": ">=18"
            }
        },
        "node_modules/@esbuild/linux-riscv64": {
            "version": "0.25.1",
            "resolved": "https://registry.npmjs.org/@esbuild/linux-riscv64/-/linux-riscv64-0.25.1.tgz",
            "integrity": "sha512-nSut/Mx5gnilhcq2yIMLMe3Wl4FK5wx/o0QuuCLMtmJn+WeWYoEGDN1ipcN72g1WHsnIbxGXd4i/MF0gTcuAjQ==",
            "cpu": [
                "riscv64"
            ],
            "dev": true,
            "license": "MIT",
            "optional": true,
            "os": [
                "linux"
            ],
            "engines": {
                "node": ">=18"
            }
        },
        "node_modules/@esbuild/linux-s390x": {
            "version": "0.25.1",
            "resolved": "https://registry.npmjs.org/@esbuild/linux-s390x/-/linux-s390x-0.25.1.tgz",
            "integrity": "sha512-cEECeLlJNfT8kZHqLarDBQso9a27o2Zd2AQ8USAEoGtejOrCYHNtKP8XQhMDJMtthdF4GBmjR2au3x1udADQQQ==",
            "cpu": [
                "s390x"
            ],
            "dev": true,
            "license": "MIT",
            "optional": true,
            "os": [
                "linux"
            ],
            "engines": {
                "node": ">=18"
            }
        },
        "node_modules/@esbuild/linux-x64": {
            "version": "0.25.1",
            "resolved": "https://registry.npmjs.org/@esbuild/linux-x64/-/linux-x64-0.25.1.tgz",
            "integrity": "sha512-xbfUhu/gnvSEg+EGovRc+kjBAkrvtk38RlerAzQxvMzlB4fXpCFCeUAYzJvrnhFtdeyVCDANSjJvOvGYoeKzFA==",
            "cpu": [
                "x64"
            ],
            "dev": true,
            "license": "MIT",
            "optional": true,
            "os": [
                "linux"
            ],
            "engines": {
                "node": ">=18"
            }
        },
        "node_modules/@esbuild/netbsd-arm64": {
            "version": "0.25.1",
            "resolved": "https://registry.npmjs.org/@esbuild/netbsd-arm64/-/netbsd-arm64-0.25.1.tgz",
            "integrity": "sha512-O96poM2XGhLtpTh+s4+nP7YCCAfb4tJNRVZHfIE7dgmax+yMP2WgMd2OecBuaATHKTHsLWHQeuaxMRnCsH8+5g==",
            "cpu": [
                "arm64"
            ],
            "dev": true,
            "license": "MIT",
            "optional": true,
            "os": [
                "netbsd"
            ],
            "engines": {
                "node": ">=18"
            }
        },
        "node_modules/@esbuild/netbsd-x64": {
            "version": "0.25.1",
            "resolved": "https://registry.npmjs.org/@esbuild/netbsd-x64/-/netbsd-x64-0.25.1.tgz",
            "integrity": "sha512-X53z6uXip6KFXBQ+Krbx25XHV/NCbzryM6ehOAeAil7X7oa4XIq+394PWGnwaSQ2WRA0KI6PUO6hTO5zeF5ijA==",
            "cpu": [
                "x64"
            ],
            "dev": true,
            "license": "MIT",
            "optional": true,
            "os": [
                "netbsd"
            ],
            "engines": {
                "node": ">=18"
            }
        },
        "node_modules/@esbuild/openbsd-arm64": {
            "version": "0.25.1",
            "resolved": "https://registry.npmjs.org/@esbuild/openbsd-arm64/-/openbsd-arm64-0.25.1.tgz",
            "integrity": "sha512-Na9T3szbXezdzM/Kfs3GcRQNjHzM6GzFBeU1/6IV/npKP5ORtp9zbQjvkDJ47s6BCgaAZnnnu/cY1x342+MvZg==",
            "cpu": [
                "arm64"
            ],
            "dev": true,
            "license": "MIT",
            "optional": true,
            "os": [
                "openbsd"
            ],
            "engines": {
                "node": ">=18"
            }
        },
        "node_modules/@esbuild/openbsd-x64": {
            "version": "0.25.1",
            "resolved": "https://registry.npmjs.org/@esbuild/openbsd-x64/-/openbsd-x64-0.25.1.tgz",
            "integrity": "sha512-T3H78X2h1tszfRSf+txbt5aOp/e7TAz3ptVKu9Oyir3IAOFPGV6O9c2naym5TOriy1l0nNf6a4X5UXRZSGX/dw==",
            "cpu": [
                "x64"
            ],
            "dev": true,
            "license": "MIT",
            "optional": true,
            "os": [
                "openbsd"
            ],
            "engines": {
                "node": ">=18"
            }
        },
        "node_modules/@esbuild/sunos-x64": {
            "version": "0.25.1",
            "resolved": "https://registry.npmjs.org/@esbuild/sunos-x64/-/sunos-x64-0.25.1.tgz",
            "integrity": "sha512-2H3RUvcmULO7dIE5EWJH8eubZAI4xw54H1ilJnRNZdeo8dTADEZ21w6J22XBkXqGJbe0+wnNJtw3UXRoLJnFEg==",
            "cpu": [
                "x64"
            ],
            "dev": true,
            "license": "MIT",
            "optional": true,
            "os": [
                "sunos"
            ],
            "engines": {
                "node": ">=18"
            }
        },
        "node_modules/@esbuild/win32-arm64": {
            "version": "0.25.1",
            "resolved": "https://registry.npmjs.org/@esbuild/win32-arm64/-/win32-arm64-0.25.1.tgz",
            "integrity": "sha512-GE7XvrdOzrb+yVKB9KsRMq+7a2U/K5Cf/8grVFRAGJmfADr/e/ODQ134RK2/eeHqYV5eQRFxb1hY7Nr15fv1NQ==",
            "cpu": [
                "arm64"
            ],
            "dev": true,
            "license": "MIT",
            "optional": true,
            "os": [
                "win32"
            ],
            "engines": {
                "node": ">=18"
            }
        },
        "node_modules/@esbuild/win32-ia32": {
            "version": "0.25.1",
            "resolved": "https://registry.npmjs.org/@esbuild/win32-ia32/-/win32-ia32-0.25.1.tgz",
            "integrity": "sha512-uOxSJCIcavSiT6UnBhBzE8wy3n0hOkJsBOzy7HDAuTDE++1DJMRRVCPGisULScHL+a/ZwdXPpXD3IyFKjA7K8A==",
            "cpu": [
                "ia32"
            ],
            "dev": true,
            "license": "MIT",
            "optional": true,
            "os": [
                "win32"
            ],
            "engines": {
                "node": ">=18"
            }
        },
        "node_modules/@esbuild/win32-x64": {
            "version": "0.25.1",
            "resolved": "https://registry.npmjs.org/@esbuild/win32-x64/-/win32-x64-0.25.1.tgz",
            "integrity": "sha512-Y1EQdcfwMSeQN/ujR5VayLOJ1BHaK+ssyk0AEzPjC+t1lITgsnccPqFjb6V+LsTp/9Iov4ysfjxLaGJ9RPtkVg==",
            "cpu": [
                "x64"
            ],
            "dev": true,
            "license": "MIT",
            "optional": true,
            "os": [
                "win32"
            ],
            "engines": {
                "node": ">=18"
            }
        },
        "node_modules/@jridgewell/resolve-uri": {
            "version": "3.1.2",
            "resolved": "https://registry.npmjs.org/@jridgewell/resolve-uri/-/resolve-uri-3.1.2.tgz",
            "integrity": "sha512-bRISgCIjP20/tbWSPWMEi54QVPRZExkuD9lJL+UIxUKtwVJA8wW1Trb1jMs1RFXo1CBTNZ/5hpC9QvmKWdopKw==",
            "dev": true,
            "license": "MIT",
            "engines": {
                "node": ">=6.0.0"
            }
        },
        "node_modules/@jridgewell/sourcemap-codec": {
            "version": "1.5.0",
            "resolved": "https://registry.npmjs.org/@jridgewell/sourcemap-codec/-/sourcemap-codec-1.5.0.tgz",
            "integrity": "sha512-gv3ZRaISU3fjPAgNsriBRqGWQL6quFx04YMPW/zD8XMLsU32mhCCbfbO6KZFLjvYpCZ8zyDEgqsgf+PwPaM7GQ==",
            "dev": true,
            "license": "MIT"
        },
        "node_modules/@jridgewell/trace-mapping": {
            "version": "0.3.9",
            "resolved": "https://registry.npmjs.org/@jridgewell/trace-mapping/-/trace-mapping-0.3.9.tgz",
            "integrity": "sha512-3Belt6tdc8bPgAtbcmdtNJlirVoTmEb5e2gC94PnkwEW9jI6CAHUeoG85tjWP5WquqfavoMtMwiG4P926ZKKuQ==",
            "dev": true,
            "license": "MIT",
            "dependencies": {
                "@jridgewell/resolve-uri": "^3.0.3",
                "@jridgewell/sourcemap-codec": "^1.4.10"
            }
        },
        "node_modules/@socket.io/component-emitter": {
            "version": "3.1.0",
            "resolved": "https://registry.npmjs.org/@socket.io/component-emitter/-/component-emitter-3.1.0.tgz",
            "integrity": "sha512-+9jVqKhRSpsc591z5vX+X5Yyw+he/HCB4iQ/RYxw35CEPaY1gnsNE43nf9n9AaYjAQrTiI/mOwKUKdUs9vf7Xg=="
        },
        "node_modules/@tsconfig/node10": {
            "version": "1.0.11",
            "resolved": "https://registry.npmjs.org/@tsconfig/node10/-/node10-1.0.11.tgz",
            "integrity": "sha512-DcRjDCujK/kCk/cUe8Xz8ZSpm8mS3mNNpta+jGCA6USEDfktlNvm1+IuZ9eTcDbNk41BHwpHHeW+N1lKCz4zOw==",
            "dev": true,
            "license": "MIT"
        },
        "node_modules/@tsconfig/node12": {
            "version": "1.0.11",
            "resolved": "https://registry.npmjs.org/@tsconfig/node12/-/node12-1.0.11.tgz",
            "integrity": "sha512-cqefuRsh12pWyGsIoBKJA9luFu3mRxCA+ORZvA4ktLSzIuCUtWVxGIuXigEwO5/ywWFMZ2QEGKWvkZG1zDMTag==",
            "dev": true,
            "license": "MIT"
        },
        "node_modules/@tsconfig/node14": {
            "version": "1.0.3",
            "resolved": "https://registry.npmjs.org/@tsconfig/node14/-/node14-1.0.3.tgz",
            "integrity": "sha512-ysT8mhdixWK6Hw3i1V2AeRqZ5WfXg1G43mqoYlM2nc6388Fq5jcXyr5mRsqViLx/GJYdoL0bfXD8nmF+Zn/Iow==",
            "dev": true,
            "license": "MIT"
        },
        "node_modules/@tsconfig/node16": {
            "version": "1.0.4",
            "resolved": "https://registry.npmjs.org/@tsconfig/node16/-/node16-1.0.4.tgz",
            "integrity": "sha512-vxhUy4J8lyeyinH7Azl1pdd43GJhZH/tP2weN8TntQblOY+A0XbT8DJk1/oCPuOOyg/Ja757rG0CgHcWC8OfMA==",
            "dev": true,
            "license": "MIT"
        },
        "node_modules/@types/chai": {
            "version": "5.2.0",
            "resolved": "https://registry.npmjs.org/@types/chai/-/chai-5.2.0.tgz",
            "integrity": "sha512-FWnQYdrG9FAC8KgPVhDFfrPL1FBsL3NtIt2WsxKvwu/61K6HiuDF3xAb7c7w/k9ML2QOUHcwTgU7dKLFPK6sBg==",
            "dev": true,
            "license": "MIT",
            "dependencies": {
                "@types/deep-eql": "*"
            }
        },
        "node_modules/@types/cors": {
            "version": "2.8.17",
            "resolved": "https://registry.npmjs.org/@types/cors/-/cors-2.8.17.tgz",
            "integrity": "sha512-8CGDvrBj1zgo2qE+oS3pOCyYNqCPryMWY2bGfwA0dcfopWGgxs+78df0Rs3rc9THP4JkOhLsAa+15VdpAqkcUA==",
            "license": "MIT",
            "dependencies": {
                "@types/node": "*"
            }
        },
        "node_modules/@types/deep-eql": {
            "version": "4.0.2",
            "resolved": "https://registry.npmjs.org/@types/deep-eql/-/deep-eql-4.0.2.tgz",
            "integrity": "sha512-c9h9dVVMigMPc4bwTvC5dxqtqJZwQPePsWjPlpSOnojbor6pGqdk541lfA7AqFQr5pB1BRdq0juY9db81BwyFw==",
            "dev": true,
            "license": "MIT"
        },
        "node_modules/@types/esprima": {
            "version": "4.0.6",
            "resolved": "https://registry.npmjs.org/@types/esprima/-/esprima-4.0.6.tgz",
            "integrity": "sha512-lIk+kSt9lGv5hxK6aZNjiUEGZqKmOTpmg0tKiJQI+Ow98fLillxsiZNik5+RcP7mXL929KiTH/D9jGtpDlMbVw==",
            "dev": true,
            "license": "MIT",
            "dependencies": {
                "@types/estree": "*"
            }
        },
        "node_modules/@types/estree": {
            "version": "1.0.7",
            "resolved": "https://registry.npmjs.org/@types/estree/-/estree-1.0.7.tgz",
            "integrity": "sha512-w28IoSUCJpidD/TGviZwwMJckNESJZXFu7NBZ5YJ4mEUnNraUn9Pm8HSZm/jDF1pDWYKspWE7oVphigUPRakIQ==",
            "dev": true,
            "license": "MIT"
        },
        "node_modules/@types/ip": {
            "version": "1.1.3",
            "resolved": "https://registry.npmjs.org/@types/ip/-/ip-1.1.3.tgz",
            "integrity": "sha512-64waoJgkXFTYnCYDUWgSATJ/dXEBanVkaP5d4Sbk7P6U7cTTMhxVyROTckc6JKdwCrgnAjZMn0k3177aQxtDEA==",
            "dev": true,
            "dependencies": {
                "@types/node": "*"
            }
        },
        "node_modules/@types/node": {
            "version": "20.3.3",
            "resolved": "https://registry.npmjs.org/@types/node/-/node-20.3.3.tgz",
            "integrity": "sha512-wheIYdr4NYML61AjC8MKj/2jrR/kDQri/CIpVoZwldwhnIrD/j9jIU5bJ8yBKuB2VhpFV7Ab6G2XkBjv9r9Zzw=="
        },
        "node_modules/accepts": {
            "version": "1.3.8",
            "resolved": "https://registry.npmjs.org/accepts/-/accepts-1.3.8.tgz",
            "integrity": "sha512-PYAthTa2m2VKxuvSD3DPC/Gy+U+sOA1LAuT8mkmRuvw+NACSaeXEQ+NHcVF7rONl6qcaxV3Uuemwawk+7+SJLw==",
            "license": "MIT",
            "dependencies": {
                "mime-types": "~2.1.34",
                "negotiator": "0.6.3"
            },
            "engines": {
                "node": ">= 0.6"
            }
        },
        "node_modules/acorn": {
            "version": "8.14.0",
            "resolved": "https://registry.npmjs.org/acorn/-/acorn-8.14.0.tgz",
            "integrity": "sha512-cl669nCJTZBsL97OF4kUQm5g5hC2uihk0NxY3WENAC0TYdILVkAyHymAntgxGkl7K+t0cXIrH5siy5S4XkFycA==",
            "dev": true,
            "license": "MIT",
            "bin": {
                "acorn": "bin/acorn"
            },
            "engines": {
                "node": ">=0.4.0"
            }
        },
        "node_modules/acorn-walk": {
            "version": "8.3.4",
            "resolved": "https://registry.npmjs.org/acorn-walk/-/acorn-walk-8.3.4.tgz",
            "integrity": "sha512-ueEepnujpqee2o5aIYnvHU6C0A42MNdsIDeqy5BydrkuC5R1ZuUFnm27EeFJGoEHJQgn3uleRvmTXaJgfXbt4g==",
            "dev": true,
            "license": "MIT",
            "dependencies": {
                "acorn": "^8.11.0"
            },
            "engines": {
                "node": ">=0.4.0"
            }
        },
        "node_modules/arg": {
            "version": "4.1.3",
            "resolved": "https://registry.npmjs.org/arg/-/arg-4.1.3.tgz",
            "integrity": "sha512-58S9QDqG0Xx27YwPSt9fJxivjYl432YCwfDMfZ+71RAqUrZef7LrKQZ3LHLOwCS4FLNBplP533Zx895SeOCHvA==",
            "dev": true,
            "license": "MIT"
        },
        "node_modules/assertion-error": {
            "version": "1.1.0",
            "resolved": "https://registry.npmjs.org/assertion-error/-/assertion-error-1.1.0.tgz",
            "integrity": "sha512-jgsaNduz+ndvGyFt3uSuWqvy4lCnIJiovtouQN5JZHOKCS2QuhEdbcQHFhVksz2N2U9hXJo8odG7ETyWlEeuDw==",
            "dev": true,
            "engines": {
                "node": "*"
            }
        },
        "node_modules/base64id": {
            "version": "2.0.0",
            "resolved": "https://registry.npmjs.org/base64id/-/base64id-2.0.0.tgz",
            "integrity": "sha512-lGe34o6EHj9y3Kts9R4ZYs/Gr+6N7MCaMlIFA3F1R2O5/m7K06AxfSeO5530PEERE6/WyEg3lsuyw4GHlPZHog==",
            "license": "MIT",
            "engines": {
                "node": "^4.5.0 || >= 5.9"
            }
        },
        "node_modules/chai": {
            "version": "4.5.0",
            "resolved": "https://registry.npmjs.org/chai/-/chai-4.5.0.tgz",
            "integrity": "sha512-RITGBfijLkBddZvnn8jdqoTypxvqbOLYQkGGxXzeFjVHvudaPw0HNFD9x928/eUwYWd2dPCugVqspGALTZZQKw==",
            "dev": true,
            "license": "MIT",
            "dependencies": {
                "assertion-error": "^1.1.0",
                "check-error": "^1.0.3",
                "deep-eql": "^4.1.3",
                "get-func-name": "^2.0.2",
                "loupe": "^2.3.6",
                "pathval": "^1.1.1",
                "type-detect": "^4.1.0"
            },
            "engines": {
                "node": ">=4"
            }
        },
        "node_modules/check-error": {
            "version": "1.0.3",
            "resolved": "https://registry.npmjs.org/check-error/-/check-error-1.0.3.tgz",
            "integrity": "sha512-iKEoDYaRmd1mxM90a2OEfWhjsjPpYPuQ+lMYsoxB126+t8fw7ySEO48nmDg5COTjxDI65/Y2OWpeEHk3ZOe8zg==",
            "dev": true,
            "license": "MIT",
            "dependencies": {
                "get-func-name": "^2.0.2"
            },
            "engines": {
                "node": "*"
            }
        },
        "node_modules/cookie": {
            "version": "0.7.2",
            "resolved": "https://registry.npmjs.org/cookie/-/cookie-0.7.2.tgz",
            "integrity": "sha512-yki5XnKuf750l50uGTllt6kKILY4nQ1eNIQatoXEByZ5dWgnKqbnqmTrBE5B4N7lrMJKQ2ytWMiTO2o0v6Ew/w==",
            "license": "MIT",
            "engines": {
                "node": ">= 0.6"
            }
        },
        "node_modules/cors": {
            "version": "2.8.5",
            "resolved": "https://registry.npmjs.org/cors/-/cors-2.8.5.tgz",
            "integrity": "sha512-KIHbLJqu73RGr/hnbrO9uBeixNGuvSQjul/jdFvS/KFSIH1hWVd1ng7zOHx+YrEfInLG7q4n6GHQ9cDtxv/P6g==",
            "license": "MIT",
            "dependencies": {
                "object-assign": "^4",
                "vary": "^1"
            },
            "engines": {
                "node": ">= 0.10"
            }
        },
        "node_modules/create-require": {
            "version": "1.1.1",
            "resolved": "https://registry.npmjs.org/create-require/-/create-require-1.1.1.tgz",
            "integrity": "sha512-dcKFX3jn0MpIaXjisoRvexIJVEKzaq7z2rZKxf+MSr9TkdmHmsU4m2lcLojrj/FHl8mk5VxMmYA+ftRkP/3oKQ==",
            "dev": true,
            "license": "MIT"
        },
        "node_modules/debug": {
            "version": "4.3.4",
            "resolved": "https://registry.npmjs.org/debug/-/debug-4.3.4.tgz",
            "integrity": "sha512-PRWFHuSU3eDtQJPvnNY7Jcket1j0t5OuOsFzPPzsekD52Zl8qUfFIPEiswXqIvHWGVHOgX+7G/vCNNhehwxfkQ==",
            "dependencies": {
                "ms": "2.1.2"
            },
            "engines": {
                "node": ">=6.0"
            },
            "peerDependenciesMeta": {
                "supports-color": {
                    "optional": true
                }
            }
        },
        "node_modules/deep-eql": {
            "version": "4.1.3",
            "resolved": "https://registry.npmjs.org/deep-eql/-/deep-eql-4.1.3.tgz",
            "integrity": "sha512-WaEtAOpRA1MQ0eohqZjpGD8zdI0Ovsm8mmFhaDN8dvDZzyoUMcYDnf5Y6iu7HTXxf8JDS23qWa4a+hKCDyOPzw==",
            "dev": true,
            "dependencies": {
                "type-detect": "^4.0.0"
            },
            "engines": {
                "node": ">=6"
            }
        },
        "node_modules/engine.io": {
            "version": "6.6.4",
            "resolved": "https://registry.npmjs.org/engine.io/-/engine.io-6.6.4.tgz",
            "integrity": "sha512-ZCkIjSYNDyGn0R6ewHDtXgns/Zre/NT6Agvq1/WobF7JXgFff4SeDroKiCO3fNJreU9YG429Sc81o4w5ok/W5g==",
            "license": "MIT",
            "dependencies": {
                "@types/cors": "^2.8.12",
                "@types/node": ">=10.0.0",
                "accepts": "~1.3.4",
                "base64id": "2.0.0",
                "cookie": "~0.7.2",
                "cors": "~2.8.5",
                "debug": "~4.3.1",
                "engine.io-parser": "~5.2.1",
                "ws": "~8.17.1"
            },
            "engines": {
                "node": ">=10.2.0"
            }
        },
        "node_modules/engine.io-client": {
            "version": "6.5.1",
            "resolved": "https://registry.npmjs.org/engine.io-client/-/engine.io-client-6.5.1.tgz",
            "integrity": "sha512-hE5wKXH8Ru4L19MbM1GgYV/2Qo54JSMh1rlJbfpa40bEWkCKNo3ol2eOtGmowcr+ysgbI7+SGL+by42Q3pt/Ng==",
            "dependencies": {
                "@socket.io/component-emitter": "~3.1.0",
                "debug": "~4.3.1",
                "engine.io-parser": "~5.1.0",
                "ws": "~8.11.0",
                "xmlhttprequest-ssl": "~2.0.0"
            }
        },
        "node_modules/engine.io-parser": {
            "version": "5.1.0",
            "resolved": "https://registry.npmjs.org/engine.io-parser/-/engine.io-parser-5.1.0.tgz",
            "integrity": "sha512-enySgNiK5tyZFynt3z7iqBR+Bto9EVVVvDFuTT0ioHCGbzirZVGDGiQjZzEp8hWl6hd5FSVytJGuScX1C1C35w==",
            "engines": {
                "node": ">=10.0.0"
            }
        },
        "node_modules/engine.io/node_modules/engine.io-parser": {
            "version": "5.2.3",
            "resolved": "https://registry.npmjs.org/engine.io-parser/-/engine.io-parser-5.2.3.tgz",
            "integrity": "sha512-HqD3yTBfnBxIrbnM1DoD6Pcq8NECnh8d4As1Qgh0z5Gg3jRRIqijury0CL3ghu/edArpUYiYqQiDUQBIs4np3Q==",
            "license": "MIT",
            "engines": {
                "node": ">=10.0.0"
            }
        },
        "node_modules/engine.io/node_modules/ws": {
            "version": "8.17.1",
            "resolved": "https://registry.npmjs.org/ws/-/ws-8.17.1.tgz",
            "integrity": "sha512-6XQFvXTkbfUOZOKKILFG1PDK2NDQs4azKQl26T0YS5CxqWLgXajbPZ+h4gZekJyRqFU8pvnbAbbs/3TgRPy+GQ==",
            "license": "MIT",
            "engines": {
                "node": ">=10.0.0"
            },
            "peerDependencies": {
                "bufferutil": "^4.0.1",
                "utf-8-validate": ">=5.0.2"
            },
            "peerDependenciesMeta": {
                "bufferutil": {
                    "optional": true
                },
                "utf-8-validate": {
                    "optional": true
                }
            }
        },
        "node_modules/esbuild": {
            "version": "0.25.1",
            "resolved": "https://registry.npmjs.org/esbuild/-/esbuild-0.25.1.tgz",
            "integrity": "sha512-BGO5LtrGC7vxnqucAe/rmvKdJllfGaYWdyABvyMoXQlfYMb2bbRuReWR5tEGE//4LcNJj9XrkovTqNYRFZHAMQ==",
            "dev": true,
            "hasInstallScript": true,
            "license": "MIT",
            "bin": {
                "esbuild": "bin/esbuild"
            },
            "engines": {
                "node": ">=18"
            },
            "optionalDependencies": {
                "@esbuild/aix-ppc64": "0.25.1",
                "@esbuild/android-arm": "0.25.1",
                "@esbuild/android-arm64": "0.25.1",
                "@esbuild/android-x64": "0.25.1",
                "@esbuild/darwin-arm64": "0.25.1",
                "@esbuild/darwin-x64": "0.25.1",
                "@esbuild/freebsd-arm64": "0.25.1",
                "@esbuild/freebsd-x64": "0.25.1",
                "@esbuild/linux-arm": "0.25.1",
                "@esbuild/linux-arm64": "0.25.1",
                "@esbuild/linux-ia32": "0.25.1",
                "@esbuild/linux-loong64": "0.25.1",
                "@esbuild/linux-mips64el": "0.25.1",
                "@esbuild/linux-ppc64": "0.25.1",
                "@esbuild/linux-riscv64": "0.25.1",
                "@esbuild/linux-s390x": "0.25.1",
                "@esbuild/linux-x64": "0.25.1",
                "@esbuild/netbsd-arm64": "0.25.1",
                "@esbuild/netbsd-x64": "0.25.1",
                "@esbuild/openbsd-arm64": "0.25.1",
                "@esbuild/openbsd-x64": "0.25.1",
                "@esbuild/sunos-x64": "0.25.1",
                "@esbuild/win32-arm64": "0.25.1",
                "@esbuild/win32-ia32": "0.25.1",
                "@esbuild/win32-x64": "0.25.1"
            }
        },
        "node_modules/esprima": {
            "version": "4.0.1",
            "resolved": "https://registry.npmjs.org/esprima/-/esprima-4.0.1.tgz",
            "integrity": "sha512-eGuFFw7Upda+g4p+QHvnW0RyTX/SVeJBDM/gCtMARO0cLuT2HcEKnTPvhjV6aGeqrCB/sbNop0Kszm0jsaWU4A==",
            "license": "BSD-2-Clause",
            "bin": {
                "esparse": "bin/esparse.js",
                "esvalidate": "bin/esvalidate.js"
            },
            "engines": {
                "node": ">=4"
            }
        },
        "node_modules/fsevents": {
            "version": "2.3.3",
            "resolved": "https://registry.npmjs.org/fsevents/-/fsevents-2.3.3.tgz",
            "integrity": "sha512-5xoDfX+fL7faATnagmWPpbFtwh/R77WmMMqqHGS65C3vvB0YHrgF+B1YmZ3441tMj5n63k0212XNoJwzlhffQw==",
            "dev": true,
            "hasInstallScript": true,
            "license": "MIT",
            "optional": true,
            "os": [
                "darwin"
            ],
            "engines": {
                "node": "^8.16.0 || ^10.6.0 || >=11.0.0"
            }
        },
        "node_modules/get-func-name": {
            "version": "2.0.2",
            "resolved": "https://registry.npmjs.org/get-func-name/-/get-func-name-2.0.2.tgz",
            "integrity": "sha512-8vXOvuE167CtIc3OyItco7N/dpRtBbYOsPsXCz7X/PMnlGjYjSGuZJgM1Y7mmew7BKf9BqvLX2tnOVy1BBUsxQ==",
            "dev": true,
            "license": "MIT",
            "engines": {
                "node": "*"
            }
        },
        "node_modules/get-port": {
            "version": "7.1.0",
            "resolved": "https://registry.npmjs.org/get-port/-/get-port-7.1.0.tgz",
            "integrity": "sha512-QB9NKEeDg3xxVwCCwJQ9+xycaz6pBB6iQ76wiWMl1927n0Kir6alPiP+yuiICLLU4jpMe08dXfpebuQppFA2zw==",
            "license": "MIT",
            "engines": {
                "node": ">=16"
            },
            "funding": {
                "url": "https://github.com/sponsors/sindresorhus"
            }
        },
        "node_modules/get-tsconfig": {
            "version": "4.10.0",
            "resolved": "https://registry.npmjs.org/get-tsconfig/-/get-tsconfig-4.10.0.tgz",
            "integrity": "sha512-kGzZ3LWWQcGIAmg6iWvXn0ei6WDtV26wzHRMwDSzmAbcXrTEXxHy6IehI6/4eT6VRKyMP1eF1VqwrVUmE/LR7A==",
            "dev": true,
            "license": "MIT",
            "dependencies": {
                "resolve-pkg-maps": "^1.0.0"
            },
            "funding": {
                "url": "https://github.com/privatenumber/get-tsconfig?sponsor=1"
            }
        },
        "node_modules/ip": {
            "version": "2.0.1",
            "resolved": "https://registry.npmjs.org/ip/-/ip-2.0.1.tgz",
            "integrity": "sha512-lJUL9imLTNi1ZfXT+DU6rBBdbiKGBuay9B6xGSPVjUeQwaH1RIGqef8RZkUtHioLmSNpPR5M4HVKJGm1j8FWVQ==",
            "license": "MIT"
        },
        "node_modules/json-stringify-safe": {
            "version": "5.0.1",
            "resolved": "https://registry.npmjs.org/json-stringify-safe/-/json-stringify-safe-5.0.1.tgz",
            "integrity": "sha512-ZClg6AaYvamvYEE82d3Iyd3vSSIjQ+odgjaTzRuO3s7toCdFKczob2i0zCh7JE8kWn17yvAWhUVxvqGwUalsRA=="
        },
        "node_modules/loupe": {
            "version": "2.3.6",
            "resolved": "https://registry.npmjs.org/loupe/-/loupe-2.3.6.tgz",
            "integrity": "sha512-RaPMZKiMy8/JruncMU5Bt6na1eftNoo++R4Y+N2FrxkDVTrGvcyzFTsaGif4QTeKESheMGegbhw6iUAq+5A8zA==",
            "dev": true,
            "dependencies": {
                "get-func-name": "^2.0.0"
            }
        },
        "node_modules/make-error": {
            "version": "1.3.6",
            "resolved": "https://registry.npmjs.org/make-error/-/make-error-1.3.6.tgz",
            "integrity": "sha512-s8UhlNe7vPKomQhC1qFelMokr/Sc3AgNbso3n74mVPA5LTZwkB9NlXf4XPamLxJE8h0gh73rM94xvwRT2CVInw==",
            "dev": true,
            "license": "ISC"
        },
        "node_modules/mime-db": {
            "version": "1.52.0",
            "resolved": "https://registry.npmjs.org/mime-db/-/mime-db-1.52.0.tgz",
            "integrity": "sha512-sPU4uV7dYlvtWJxwwxHD0PuihVNiE7TyAbQ5SWxDCB9mUYvOgroQOwYQQOKPJ8CIbE+1ETVlOoK1UC2nU3gYvg==",
            "engines": {
                "node": ">= 0.6"
            }
        },
        "node_modules/mime-types": {
            "version": "2.1.35",
            "resolved": "https://registry.npmjs.org/mime-types/-/mime-types-2.1.35.tgz",
            "integrity": "sha512-ZDY+bPm5zTTF+YpCrAU9nK0UgICYPT0QtT1NZWFv4s++TNkcgVaT0g6+4R2uI4MjQjzysHB1zxuWL50hzaeXiw==",
            "dependencies": {
                "mime-db": "1.52.0"
            },
            "engines": {
                "node": ">= 0.6"
            }
        },
        "node_modules/ms": {
            "version": "2.1.2",
            "resolved": "https://registry.npmjs.org/ms/-/ms-2.1.2.tgz",
            "integrity": "sha512-sGkPx+VjMtmA6MX27oA4FBFELFCZZ4S4XqeGOXCv68tT+jb3vk/RyaKWP0PTKyWtmLSM0b+adUTEvbs1PEaH2w=="
        },
        "node_modules/negotiator": {
            "version": "0.6.3",
            "resolved": "https://registry.npmjs.org/negotiator/-/negotiator-0.6.3.tgz",
            "integrity": "sha512-+EUsqGPLsM+j/zdChZjsnX51g4XrHFOIXwfnCVPGlQk/k5giakcKsuxCObBRu6DSm9opw/O6slWbJdghQM4bBg==",
            "license": "MIT",
            "engines": {
                "node": ">= 0.6"
            }
        },
        "node_modules/object-assign": {
            "version": "4.1.1",
            "resolved": "https://registry.npmjs.org/object-assign/-/object-assign-4.1.1.tgz",
            "integrity": "sha512-rJgTQnkUnH1sFw8yT6VSU3zD3sWmu6sZhIseY8VX+GRu3P6F7Fu+JNDoXfklElbLJSnc3FUQHVe4cU5hj+BcUg==",
            "license": "MIT",
            "engines": {
                "node": ">=0.10.0"
            }
        },
        "node_modules/pathval": {
            "version": "1.1.1",
            "resolved": "https://registry.npmjs.org/pathval/-/pathval-1.1.1.tgz",
            "integrity": "sha512-Dp6zGqpTdETdR63lehJYPeIOqpiNBNtc7BpWSLrOje7UaIsE5aY92r/AunQA7rsXvet3lrJ3JnZX29UPTKXyKQ==",
            "dev": true,
            "engines": {
                "node": "*"
            }
        },
        "node_modules/resolve-pkg-maps": {
            "version": "1.0.0",
            "resolved": "https://registry.npmjs.org/resolve-pkg-maps/-/resolve-pkg-maps-1.0.0.tgz",
            "integrity": "sha512-seS2Tj26TBVOC2NIc2rOe2y2ZO7efxITtLZcGSOnHHNOQ7CkiUBfw0Iw2ck6xkIhPwLhKNLS8BO+hEpngQlqzw==",
            "dev": true,
            "license": "MIT",
            "funding": {
                "url": "https://github.com/privatenumber/resolve-pkg-maps?sponsor=1"
            }
        },
        "node_modules/serialize-error": {
            "version": "11.0.0",
            "resolved": "https://registry.npmjs.org/serialize-error/-/serialize-error-11.0.0.tgz",
            "integrity": "sha512-YKrURWDqcT3VGX/s/pCwaWtpfJEEaEw5Y4gAnQDku92b/HjVj4r4UhA5QrMVMFotymK2wIWs5xthny5SMFu7Vw==",
            "dependencies": {
                "type-fest": "^2.12.2"
            },
            "engines": {
                "node": ">=14.16"
            },
            "funding": {
                "url": "https://github.com/sponsors/sindresorhus"
            }
        },
        "node_modules/socket.io": {
            "version": "4.8.1",
            "resolved": "https://registry.npmjs.org/socket.io/-/socket.io-4.8.1.tgz",
            "integrity": "sha512-oZ7iUCxph8WYRHHcjBEc9unw3adt5CmSNlppj/5Q4k2RIrhl8Z5yY2Xr4j9zj0+wzVZ0bxmYoGSzKJnRl6A4yg==",
            "license": "MIT",
            "dependencies": {
                "accepts": "~1.3.4",
                "base64id": "~2.0.0",
                "cors": "~2.8.5",
                "debug": "~4.3.2",
                "engine.io": "~6.6.0",
                "socket.io-adapter": "~2.5.2",
                "socket.io-parser": "~4.2.4"
            },
            "engines": {
                "node": ">=10.2.0"
            }
        },
        "node_modules/socket.io-adapter": {
            "version": "2.5.2",
            "resolved": "https://registry.npmjs.org/socket.io-adapter/-/socket.io-adapter-2.5.2.tgz",
            "integrity": "sha512-87C3LO/NOMc+eMcpcxUBebGjkpMDkNBS9tf7KJqcDsmL936EChtVva71Dw2q4tQcuVC+hAUy4an2NO/sYXmwRA==",
            "dependencies": {
                "ws": "~8.11.0"
            }
        },
        "node_modules/socket.io-client": {
            "version": "4.7.1",
            "resolved": "https://registry.npmjs.org/socket.io-client/-/socket.io-client-4.7.1.tgz",
            "integrity": "sha512-Qk3Xj8ekbnzKu3faejo4wk2MzXA029XppiXtTF/PkbTg+fcwaTw1PlDrTrrrU4mKoYC4dvlApOnSeyLCKwek2w==",
            "dependencies": {
                "@socket.io/component-emitter": "~3.1.0",
                "debug": "~4.3.2",
                "engine.io-client": "~6.5.1",
                "socket.io-parser": "~4.2.4"
            },
            "engines": {
                "node": ">=10.0.0"
            }
        },
        "node_modules/socket.io-parser": {
            "version": "4.2.4",
            "resolved": "https://registry.npmjs.org/socket.io-parser/-/socket.io-parser-4.2.4.tgz",
            "integrity": "sha512-/GbIKmo8ioc+NIWIhwdecY0ge+qVBSMdgxGygevmdHj24bsfgtCmcUUcQ5ZzcylGFHsN3k4HB4Cgkl96KVnuew==",
            "dependencies": {
                "@socket.io/component-emitter": "~3.1.0",
                "debug": "~4.3.1"
            },
            "engines": {
                "node": ">=10.0.0"
            }
        },
        "node_modules/ts-node": {
            "version": "10.9.2",
            "resolved": "https://registry.npmjs.org/ts-node/-/ts-node-10.9.2.tgz",
            "integrity": "sha512-f0FFpIdcHgn8zcPSbf1dRevwt047YMnaiJM3u2w2RewrB+fob/zePZcrOyQoLMMO7aBIddLcQIEK5dYjkLnGrQ==",
            "dev": true,
            "license": "MIT",
            "dependencies": {
                "@cspotcode/source-map-support": "^0.8.0",
                "@tsconfig/node10": "^1.0.7",
                "@tsconfig/node12": "^1.0.7",
                "@tsconfig/node14": "^1.0.0",
                "@tsconfig/node16": "^1.0.2",
                "acorn": "^8.4.1",
                "acorn-walk": "^8.1.1",
                "arg": "^4.1.0",
                "create-require": "^1.1.0",
                "diff": "^4.0.1",
                "make-error": "^1.1.1",
                "v8-compile-cache-lib": "^3.0.1",
                "yn": "3.1.1"
            },
            "bin": {
                "ts-node": "dist/bin.js",
                "ts-node-cwd": "dist/bin-cwd.js",
                "ts-node-esm": "dist/bin-esm.js",
                "ts-node-script": "dist/bin-script.js",
                "ts-node-transpile-only": "dist/bin-transpile.js",
                "ts-script": "dist/bin-script-deprecated.js"
            },
            "peerDependencies": {
                "@swc/core": ">=1.2.50",
                "@swc/wasm": ">=1.2.50",
                "@types/node": "*",
                "typescript": ">=2.7"
            },
            "peerDependenciesMeta": {
                "@swc/core": {
                    "optional": true
                },
                "@swc/wasm": {
                    "optional": true
                }
            }
        },
        "node_modules/ts-node/node_modules/diff": {
            "version": "4.0.2",
            "resolved": "https://registry.npmjs.org/diff/-/diff-4.0.2.tgz",
            "integrity": "sha512-58lmxKSA4BNyLz+HHMUzlOEpg09FV+ev6ZMe3vJihgdxzgcwZ8VoEEPmALCZG9LmqfVoNMMKpttIYTVG6uDY7A==",
            "dev": true,
            "license": "BSD-3-Clause",
            "engines": {
                "node": ">=0.3.1"
            }
        },
        "node_modules/tsx": {
            "version": "4.19.3",
            "resolved": "https://registry.npmjs.org/tsx/-/tsx-4.19.3.tgz",
            "integrity": "sha512-4H8vUNGNjQ4V2EOoGw005+c+dGuPSnhpPBPHBtsZdGZBk/iJb4kguGlPWaZTZ3q5nMtFOEsY0nRDlh9PJyd6SQ==",
            "dev": true,
            "license": "MIT",
            "dependencies": {
                "esbuild": "~0.25.0",
                "get-tsconfig": "^4.7.5"
            },
            "bin": {
                "tsx": "dist/cli.mjs"
            },
            "engines": {
                "node": ">=18.0.0"
            },
            "optionalDependencies": {
                "fsevents": "~2.3.3"
            }
        },
        "node_modules/type-detect": {
            "version": "4.1.0",
            "resolved": "https://registry.npmjs.org/type-detect/-/type-detect-4.1.0.tgz",
            "integrity": "sha512-Acylog8/luQ8L7il+geoSxhEkazvkslg7PSNKOX59mbB9cOveP5aq9h74Y7YU8yDpJwetzQQrfIwtf4Wp4LKcw==",
            "dev": true,
            "license": "MIT",
            "engines": {
                "node": ">=4"
            }
        },
        "node_modules/type-fest": {
            "version": "2.19.0",
            "resolved": "https://registry.npmjs.org/type-fest/-/type-fest-2.19.0.tgz",
            "integrity": "sha512-RAH822pAdBgcNMAfWnCBU3CFZcfZ/i1eZjwFU/dsLKumyuuP3niueg2UAukXYF0E2AAoc82ZSSf9J0WQBinzHA==",
            "engines": {
                "node": ">=12.20"
            },
            "funding": {
                "url": "https://github.com/sponsors/sindresorhus"
            }
        },
        "node_modules/typescript": {
            "version": "5.8.2",
            "resolved": "https://registry.npmjs.org/typescript/-/typescript-5.8.2.tgz",
            "integrity": "sha512-aJn6wq13/afZp/jT9QZmwEjDqqvSGp1VT5GVg+f/t6/oVyrgXM6BY1h9BRh/O5p3PlUPAe+WuiEZOmb/49RqoQ==",
            "dev": true,
            "license": "Apache-2.0",
            "bin": {
                "tsc": "bin/tsc",
                "tsserver": "bin/tsserver"
            },
            "engines": {
                "node": ">=14.17"
            }
        },
        "node_modules/uuid": {
            "version": "11.1.0",
            "resolved": "https://registry.npmjs.org/uuid/-/uuid-11.1.0.tgz",
            "integrity": "sha512-0/A9rDy9P7cJ+8w1c9WD9V//9Wj15Ce2MPz8Ri6032usz+NfePxx5AcN3bN+r6ZL6jEo066/yNYB3tn4pQEx+A==",
            "funding": [
                "https://github.com/sponsors/broofa",
                "https://github.com/sponsors/ctavan"
            ],
            "license": "MIT",
            "bin": {
                "uuid": "dist/esm/bin/uuid"
            }
        },
        "node_modules/v8-compile-cache-lib": {
            "version": "3.0.1",
            "resolved": "https://registry.npmjs.org/v8-compile-cache-lib/-/v8-compile-cache-lib-3.0.1.tgz",
            "integrity": "sha512-wa7YjyUGfNZngI/vtK0UHAN+lgDCxBPCylVXGp0zu59Fz5aiGtNXaq3DhIov063MorB+VfufLh3JlF2KdTK3xg==",
            "dev": true,
            "license": "MIT"
        },
        "node_modules/vary": {
            "version": "1.1.2",
            "resolved": "https://registry.npmjs.org/vary/-/vary-1.1.2.tgz",
            "integrity": "sha512-BNGbWLfd0eUPabhkXUVm0j8uuvREyTh5ovRa/dyow/BqAbZJyC+5fU+IzQOzmAKzYqYRAISoRhdQr3eIZ/PXqg==",
            "license": "MIT",
            "engines": {
                "node": ">= 0.8"
            }
        },
        "node_modules/ws": {
            "version": "8.11.0",
            "resolved": "https://registry.npmjs.org/ws/-/ws-8.11.0.tgz",
            "integrity": "sha512-HPG3wQd9sNQoT9xHyNCXoDUa+Xw/VevmY9FoHyQ+g+rrMn4j6FB4np7Z0OhdTgjx6MgQLK7jwSy1YecU1+4Asg==",
            "engines": {
                "node": ">=10.0.0"
            },
            "peerDependencies": {
                "bufferutil": "^4.0.1",
                "utf-8-validate": "^5.0.2"
            },
            "peerDependenciesMeta": {
                "bufferutil": {
                    "optional": true
                },
                "utf-8-validate": {
                    "optional": true
                }
            }
        },
        "node_modules/xmlhttprequest-ssl": {
            "version": "2.0.0",
            "resolved": "https://registry.npmjs.org/xmlhttprequest-ssl/-/xmlhttprequest-ssl-2.0.0.tgz",
            "integrity": "sha512-QKxVRxiRACQcVuQEYFsI1hhkrMlrXHPegbbd1yn9UHOmRxY+si12nQYzri3vbzt8VdTTRviqcKxcyllFas5z2A==",
            "engines": {
                "node": ">=0.4.0"
            }
        },
        "node_modules/yn": {
            "version": "3.1.1",
            "resolved": "https://registry.npmjs.org/yn/-/yn-3.1.1.tgz",
            "integrity": "sha512-Ux4ygGWsu2c7isFWe8Yu1YluJmqVhxqK2cLXNQA5AcC3QfbGNpM7fu0Y8b/z16pXLnFxZYvWhd3fhBY9DLmC6Q==",
            "dev": true,
            "license": "MIT",
            "engines": {
                "node": ">=6"
            }
        }
    }
}
